
Microsoft Visual Studio Solution File, Format Version 12.00
# Visual Studio Version 16
VisualStudioVersion = 16.0.30320.27
MinimumVisualStudioVersion = 10.0.40219.1
Project("{FAE04EC0-301F-11D3-BF4B-00C04F79EFBC}") = "EasyCart", "EasyCart\EasyCart.csproj", "{E57E171C-C5C2-4B87-A219-42069C92EE28}"
EndProject
Global
	GlobalSection(SolutionConfigurationPlatforms) = preSolution
		Debug|Any CPU = Debug|Any CPU
		Release|Any CPU = Release|Any CPU
	EndGlobalSection
	GlobalSection(ProjectConfigurationPlatforms) = postSolution
		{E57E171C-C5C2-4B87-A219-42069C92EE28}.Debug|Any CPU.ActiveCfg = Debug|Any CPU
		{E57E171C-C5C2-4B87-A219-42069C92EE28}.Debug|Any CPU.Build.0 = Debug|Any CPU
		{E57E171C-C5C2-4B87-A219-42069C92EE28}.Release|Any CPU.ActiveCfg = Release|Any CPU
		{E57E171C-C5C2-4B87-A219-42069C92EE28}.Release|Any CPU.Build.0 = Release|Any CPU
	EndGlobalSection
	GlobalSection(SolutionProperties) = preSolution
		HideSolutionNode = FALSE
	EndGlobalSection
	GlobalSection(ExtensibilityGlobals) = postSolution
		SolutionGuid = {0206F464-16C4-4C13-85C5-A867C8B87BF5}
	EndGlobalSection
EndGlobal
